
Microsoft Visual Studio Solution File, Format Version 12.00
# Visual Studio Version 17
VisualStudioVersion = 17.9.34728.123
MinimumVisualStudioVersion = 10.0.40219.1
Project("{FAE04EC0-301F-11D3-BF4B-00C04F79EFBC}") = "LifeCampaignAPI", "LifeCampaignAPI\LifeCampaignAPI.csproj", "{B0054DE8-7D8E-445D-B130-523D21A85F7D}"
EndProject
Global
	GlobalSection(SolutionConfigurationPlatforms) = preSolution
		Debug|Any CPU = Debug|Any CPU
		Release|Any CPU = Release|Any CPU
	EndGlobalSection
	GlobalSection(ProjectConfigurationPlatforms) = postSolution
		{B0054DE8-7D8E-445D-B130-523D21A85F7D}.Debug|Any CPU.ActiveCfg = Debug|Any CPU
		{B0054DE8-7D8E-445D-B130-523D21A85F7D}.Debug|Any CPU.Build.0 = Debug|Any CPU
		{B0054DE8-7D8E-445D-B130-523D21A85F7D}.Release|Any CPU.ActiveCfg = Release|Any CPU
		{B0054DE8-7D8E-445D-B130-523D21A85F7D}.Release|Any CPU.Build.0 = Release|Any CPU
	EndGlobalSection
	GlobalSection(SolutionProperties) = preSolution
		HideSolutionNode = FALSE
	EndGlobalSection
	GlobalSection(ExtensibilityGlobals) = postSolution
		SolutionGuid = {1A5E84FD-7442-45FC-9090-85B8AE8DB437}
	EndGlobalSection
EndGlobal
